
Microsoft Visual Studio Solution File, Format Version 12.00
# Visual Studio 14
VisualStudioVersion = 14.0.25420.1
MinimumVisualStudioVersion = 10.0.40219.1
Project("{8BB2217D-0F2D-49D1-97BC-3654ED321F3B}") = "BlueBox.Delivery.Customers.Microservice", "BlueBox.Delivery.Customers.Microservice\BlueBox.Delivery.Customers.Microservice.xproj", "{797D08FF-3F3C-4C71-B9EF-64981A1B5953}"
EndProject
Project("{8BB2217D-0F2D-49D1-97BC-3654ED321F3B}") = "BlueBox.Delivery.Orders.Microservice", "BlueBox.Delivery.Orders.Microservice\BlueBox.Delivery.Orders.Microservice.xproj", "{97EBAE68-4017-4925-9EEE-49116A7BE145}"
EndProject
Project("{8BB2217D-0F2D-49D1-97BC-3654ED321F3B}") = "BlueBox.Delivery.APIGateway", "BlueBox.Delivery.APIGateway\BlueBox.Delivery.APIGateway.xproj", "{4F8DACB5-094D-4AC7-8EF9-48E00B6841C6}"
EndProject
Project("{2150E333-8FDC-42A3-9474-1A3956D46DE8}") = "API Gateway", "API Gateway", "{C9CD17E6-0149-4712-8ABB-57C1192E1F12}"
EndProject
Project("{2150E333-8FDC-42A3-9474-1A3956D46DE8}") = "Customers", "Customers", "{5D0AA32D-CF72-49DF-8BE1-E58491FAC1F4}"
EndProject
Project("{2150E333-8FDC-42A3-9474-1A3956D46DE8}") = "Identity", "Identity", "{CBC26620-0ED2-4054-882D-07D5A11A3967}"
EndProject
Project("{2150E333-8FDC-42A3-9474-1A3956D46DE8}") = "Orders", "Orders", "{DA590048-D21F-4362-992A-5BC1BB7ECC69}"
EndProject
Project("{8BB2217D-0F2D-49D1-97BC-3654ED321F3B}") = "BlueBox.Delivery.Customers.Domain", "BlueBox.Delivery.Customers.Domain\BlueBox.Delivery.Customers.Domain.xproj", "{1C7E2D0A-A9F1-4257-A98A-5EB817122AF6}"
EndProject
Project("{8BB2217D-0F2D-49D1-97BC-3654ED321F3B}") = "BlueBox.Delivery.Orders.Domain", "BlueBox.Delivery.Orders.Domain\BlueBox.Delivery.Orders.Domain.xproj", "{231BC553-C7BC-4B81-9D7A-87386F617AC3}"
EndProject
Project("{2150E333-8FDC-42A3-9474-1A3956D46DE8}") = "Solution Items", "Solution Items", "{8CA8394B-315E-4687-82C4-C6F7A3F58A09}"
	ProjectSection(SolutionItems) = preProject
		start-app.ps1 = start-app.ps1
	EndProjectSection
EndProject
Project("{8BB2217D-0F2D-49D1-97BC-3654ED321F3B}") = "BlueBox.Delivery.Customers.Data", "BlueBox.Delivery.Customers.Data\BlueBox.Delivery.Customers.Data.xproj", "{C432BBF8-22E6-40EE-B07C-790F5475341F}"
EndProject
Project("{8BB2217D-0F2D-49D1-97BC-3654ED321F3B}") = "BlueBox.Delivery.Orders.Data", "BlueBox.Delivery.Orders.Data\BlueBox.Delivery.Orders.Data.xproj", "{80CEC9BF-6FF1-4F59-AEAF-9864A9DD6C94}"
EndProject
Project("{8BB2217D-0F2D-49D1-97BC-3654ED321F3B}") = "BlueBox.Delivery.Customers.Microservice.Tests", "BlueBox.Delivery.Customers.Microservice.Tests\BlueBox.Delivery.Customers.Microservice.Tests.xproj", "{E9EFE210-B50F-4C91-8D7F-ED11F1536033}"
EndProject
Project("{8BB2217D-0F2D-49D1-97BC-3654ED321F3B}") = "BlueBox.Delivery.Orders.Microservice.Tests", "BlueBox.Delivery.Orders.Microservice.Tests\BlueBox.Delivery.Orders.Microservice.Tests.xproj", "{3EC50C4C-B798-499F-95E5-4BA7E7587CAF}"
EndProject
Project("{8BB2217D-0F2D-49D1-97BC-3654ED321F3B}") = "BlueBox.Delivery.Identity.Microservice", "BlueBox.Delivery.Identity.Microservice\BlueBox.Delivery.Identity.Microservice.xproj", "{01E0D48C-4DDF-4778-9987-E5F86ACFB610}"
EndProject
Project("{2150E333-8FDC-42A3-9474-1A3956D46DE8}") = "MicroservicesNET Platform", "MicroservicesNET Platform", "{9454AF8B-A658-477A-9B1C-7107A8CDBCD0}"
EndProject
Project("{8BB2217D-0F2D-49D1-97BC-3654ED321F3B}") = "MicroservicesNET.Platform", "Microservices.Technology.Platform\MicroservicesNET.Platform.xproj", "{874D6225-F2ED-4BA2-BC02-7834E6E67D67}"
EndProject
Global
	GlobalSection(SolutionConfigurationPlatforms) = preSolution
		Debug|Any CPU = Debug|Any CPU
		Release|Any CPU = Release|Any CPU
	EndGlobalSection
	GlobalSection(ProjectConfigurationPlatforms) = postSolution
		{797D08FF-3F3C-4C71-B9EF-64981A1B5953}.Debug|Any CPU.ActiveCfg = Debug|Any CPU
		{797D08FF-3F3C-4C71-B9EF-64981A1B5953}.Debug|Any CPU.Build.0 = Debug|Any CPU
		{797D08FF-3F3C-4C71-B9EF-64981A1B5953}.Release|Any CPU.ActiveCfg = Release|Any CPU
		{797D08FF-3F3C-4C71-B9EF-64981A1B5953}.Release|Any CPU.Build.0 = Release|Any CPU
		{97EBAE68-4017-4925-9EEE-49116A7BE145}.Debug|Any CPU.ActiveCfg = Debug|Any CPU
		{97EBAE68-4017-4925-9EEE-49116A7BE145}.Debug|Any CPU.Build.0 = Debug|Any CPU
		{97EBAE68-4017-4925-9EEE-49116A7BE145}.Release|Any CPU.ActiveCfg = Release|Any CPU
		{97EBAE68-4017-4925-9EEE-49116A7BE145}.Release|Any CPU.Build.0 = Release|Any CPU
		{4F8DACB5-094D-4AC7-8EF9-48E00B6841C6}.Debug|Any CPU.ActiveCfg = Debug|Any CPU
		{4F8DACB5-094D-4AC7-8EF9-48E00B6841C6}.Debug|Any CPU.Build.0 = Debug|Any CPU
		{4F8DACB5-094D-4AC7-8EF9-48E00B6841C6}.Release|Any CPU.ActiveCfg = Release|Any CPU
		{4F8DACB5-094D-4AC7-8EF9-48E00B6841C6}.Release|Any CPU.Build.0 = Release|Any CPU
		{1C7E2D0A-A9F1-4257-A98A-5EB817122AF6}.Debug|Any CPU.ActiveCfg = Debug|Any CPU
		{1C7E2D0A-A9F1-4257-A98A-5EB817122AF6}.Debug|Any CPU.Build.0 = Debug|Any CPU
		{1C7E2D0A-A9F1-4257-A98A-5EB817122AF6}.Release|Any CPU.ActiveCfg = Release|Any CPU
		{1C7E2D0A-A9F1-4257-A98A-5EB817122AF6}.Release|Any CPU.Build.0 = Release|Any CPU
		{231BC553-C7BC-4B81-9D7A-87386F617AC3}.Debug|Any CPU.ActiveCfg = Debug|Any CPU
		{231BC553-C7BC-4B81-9D7A-87386F617AC3}.Debug|Any CPU.Build.0 = Debug|Any CPU
		{231BC553-C7BC-4B81-9D7A-87386F617AC3}.Release|Any CPU.ActiveCfg = Release|Any CPU
		{231BC553-C7BC-4B81-9D7A-87386F617AC3}.Release|Any CPU.Build.0 = Release|Any CPU
		{C432BBF8-22E6-40EE-B07C-790F5475341F}.Debug|Any CPU.ActiveCfg = Debug|Any CPU
		{C432BBF8-22E6-40EE-B07C-790F5475341F}.Debug|Any CPU.Build.0 = Debug|Any CPU
		{C432BBF8-22E6-40EE-B07C-790F5475341F}.Release|Any CPU.ActiveCfg = Release|Any CPU
		{C432BBF8-22E6-40EE-B07C-790F5475341F}.Release|Any CPU.Build.0 = Release|Any CPU
		{80CEC9BF-6FF1-4F59-AEAF-9864A9DD6C94}.Debug|Any CPU.ActiveCfg = Debug|Any CPU
		{80CEC9BF-6FF1-4F59-AEAF-9864A9DD6C94}.Debug|Any CPU.Build.0 = Debug|Any CPU
		{80CEC9BF-6FF1-4F59-AEAF-9864A9DD6C94}.Release|Any CPU.ActiveCfg = Release|Any CPU
		{80CEC9BF-6FF1-4F59-AEAF-9864A9DD6C94}.Release|Any CPU.Build.0 = Release|Any CPU
		{E9EFE210-B50F-4C91-8D7F-ED11F1536033}.Debug|Any CPU.ActiveCfg = Debug|Any CPU
		{E9EFE210-B50F-4C91-8D7F-ED11F1536033}.Debug|Any CPU.Build.0 = Debug|Any CPU
		{E9EFE210-B50F-4C91-8D7F-ED11F1536033}.Release|Any CPU.ActiveCfg = Release|Any CPU
		{E9EFE210-B50F-4C91-8D7F-ED11F1536033}.Release|Any CPU.Build.0 = Release|Any CPU
		{3EC50C4C-B798-499F-95E5-4BA7E7587CAF}.Debug|Any CPU.ActiveCfg = Debug|Any CPU
		{3EC50C4C-B798-499F-95E5-4BA7E7587CAF}.Debug|Any CPU.Build.0 = Debug|Any CPU
		{3EC50C4C-B798-499F-95E5-4BA7E7587CAF}.Release|Any CPU.ActiveCfg = Release|Any CPU
		{3EC50C4C-B798-499F-95E5-4BA7E7587CAF}.Release|Any CPU.Build.0 = Release|Any CPU
		{01E0D48C-4DDF-4778-9987-E5F86ACFB610}.Debug|Any CPU.ActiveCfg = Debug|Any CPU
		{01E0D48C-4DDF-4778-9987-E5F86ACFB610}.Debug|Any CPU.Build.0 = Debug|Any CPU
		{01E0D48C-4DDF-4778-9987-E5F86ACFB610}.Release|Any CPU.ActiveCfg = Release|Any CPU
		{01E0D48C-4DDF-4778-9987-E5F86ACFB610}.Release|Any CPU.Build.0 = Release|Any CPU
		{874D6225-F2ED-4BA2-BC02-7834E6E67D67}.Debug|Any CPU.ActiveCfg = Debug|Any CPU
		{874D6225-F2ED-4BA2-BC02-7834E6E67D67}.Debug|Any CPU.Build.0 = Debug|Any CPU
		{874D6225-F2ED-4BA2-BC02-7834E6E67D67}.Release|Any CPU.ActiveCfg = Release|Any CPU
		{874D6225-F2ED-4BA2-BC02-7834E6E67D67}.Release|Any CPU.Build.0 = Release|Any CPU
	EndGlobalSection
	GlobalSection(SolutionProperties) = preSolution
		HideSolutionNode = FALSE
	EndGlobalSection
	GlobalSection(NestedProjects) = preSolution
		{797D08FF-3F3C-4C71-B9EF-64981A1B5953} = {5D0AA32D-CF72-49DF-8BE1-E58491FAC1F4}
		{97EBAE68-4017-4925-9EEE-49116A7BE145} = {DA590048-D21F-4362-992A-5BC1BB7ECC69}
		{4F8DACB5-094D-4AC7-8EF9-48E00B6841C6} = {C9CD17E6-0149-4712-8ABB-57C1192E1F12}
		{1C7E2D0A-A9F1-4257-A98A-5EB817122AF6} = {5D0AA32D-CF72-49DF-8BE1-E58491FAC1F4}
		{231BC553-C7BC-4B81-9D7A-87386F617AC3} = {DA590048-D21F-4362-992A-5BC1BB7ECC69}
		{C432BBF8-22E6-40EE-B07C-790F5475341F} = {5D0AA32D-CF72-49DF-8BE1-E58491FAC1F4}
		{80CEC9BF-6FF1-4F59-AEAF-9864A9DD6C94} = {DA590048-D21F-4362-992A-5BC1BB7ECC69}
		{E9EFE210-B50F-4C91-8D7F-ED11F1536033} = {5D0AA32D-CF72-49DF-8BE1-E58491FAC1F4}
		{3EC50C4C-B798-499F-95E5-4BA7E7587CAF} = {DA590048-D21F-4362-992A-5BC1BB7ECC69}
		{01E0D48C-4DDF-4778-9987-E5F86ACFB610} = {CBC26620-0ED2-4054-882D-07D5A11A3967}
		{874D6225-F2ED-4BA2-BC02-7834E6E67D67} = {9454AF8B-A658-477A-9B1C-7107A8CDBCD0}
	EndGlobalSection
EndGlobal
